
Microsoft Visual Studio Solution File, Format Version 12.00
# Visual Studio Version 17
VisualStudioVersion = 17.5.33627.172
MinimumVisualStudioVersion = 10.0.40219.1
Project("{FAE04EC0-301F-11D3-BF4B-00C04F79EFBC}") = "VTS", "VTS\VTS.csproj", "{5C10550D-A7A2-4E3F-A3EF-271DDEB1D001}"
EndProject
Global
	GlobalSection(SolutionConfigurationPlatforms) = preSolution
		Debug|Any CPU = Debug|Any CPU
		Release|Any CPU = Release|Any CPU
	EndGlobalSection
	GlobalSection(ProjectConfigurationPlatforms) = postSolution
		{5C10550D-A7A2-4E3F-A3EF-271DDEB1D001}.Debug|Any CPU.ActiveCfg = Debug|Any CPU
		{5C10550D-A7A2-4E3F-A3EF-271DDEB1D001}.Debug|Any CPU.Build.0 = Debug|Any CPU
		{5C10550D-A7A2-4E3F-A3EF-271DDEB1D001}.Release|Any CPU.ActiveCfg = Release|Any CPU
		{5C10550D-A7A2-4E3F-A3EF-271DDEB1D001}.Release|Any CPU.Build.0 = Release|Any CPU
	EndGlobalSection
	GlobalSection(SolutionProperties) = preSolution
		HideSolutionNode = FALSE
	EndGlobalSection
	GlobalSection(ExtensibilityGlobals) = postSolution
		SolutionGuid = {A3A730A7-DA4E-41C4-99C7-06143F195CE5}
	EndGlobalSection
EndGlobal
